
Microsoft Visual Studio Solution File, Format Version 12.00
# Visual Studio 15
VisualStudioVersion = 15.0.27130.2010
MinimumVisualStudioVersion = 10.0.40219.1
Project("{FAE04EC0-301F-11D3-BF4B-00C04F79EFBC}") = "KataYatzy.Contracts", "KataYatzy.Contracts\KataYatzy.Contracts.csproj", "{74FE496E-4FC8-4B81-A522-781FC3510D5D}"
EndProject
Project("{FAE04EC0-301F-11D3-BF4B-00C04F79EFBC}") = "KataYatzy.Shared", "KataYatzy.Shared\KataYatzy.Shared.csproj", "{7F178B59-E042-4346-BEF3-C1C62747228E}"
EndProject
Project("{FAE04EC0-301F-11D3-BF4B-00C04F79EFBC}") = "KataYatzy.Shared.Test", "KataYatzy.Shared.Test\KataYatzy.Shared.Test.csproj", "{F53500E2-92C2-48F9-8166-0C1742A76D9E}"
EndProject
Project("{FAE04EC0-301F-11D3-BF4B-00C04F79EFBC}") = "KataYatzy.UI.Console", "KataYatzy.UI.Console\KataYatzy.UI.Console.csproj", "{EA4230C7-157E-465A-8D2B-61B590F02D19}"
EndProject
Project("{FAE04EC0-301F-11D3-BF4B-00C04F79EFBC}") = "KataYatzy.UI.WPF", "KataYatzy.UI.WPF\KataYatzy.UI.WPF.csproj", "{B334DFBB-3BD8-44B9-86E5-D5E4C183BCEC}"
EndProject
Project("{FAE04EC0-301F-11D3-BF4B-00C04F79EFBC}") = "KataYatzy.UI.VM", "KataYatzy.UI.VM\KataYatzy.UI.VM.csproj", "{7D60EC17-F5CC-4673-B055-263FE9FC8EA1}"
EndProject
Project("{FAE04EC0-301F-11D3-BF4B-00C04F79EFBC}") = "KataYatzy.UI.VM.Test", "KataYatzy.UI.VM.Test\KataYatzy.UI.VM.Test.csproj", "{045E8E74-C282-4285-B61C-6DE11916E636}"
EndProject
Global
	GlobalSection(SolutionConfigurationPlatforms) = preSolution
		Debug|Any CPU = Debug|Any CPU
		Release|Any CPU = Release|Any CPU
	EndGlobalSection
	GlobalSection(ProjectConfigurationPlatforms) = postSolution
		{74FE496E-4FC8-4B81-A522-781FC3510D5D}.Debug|Any CPU.ActiveCfg = Debug|Any CPU
		{74FE496E-4FC8-4B81-A522-781FC3510D5D}.Debug|Any CPU.Build.0 = Debug|Any CPU
		{74FE496E-4FC8-4B81-A522-781FC3510D5D}.Release|Any CPU.ActiveCfg = Release|Any CPU
		{74FE496E-4FC8-4B81-A522-781FC3510D5D}.Release|Any CPU.Build.0 = Release|Any CPU
		{7F178B59-E042-4346-BEF3-C1C62747228E}.Debug|Any CPU.ActiveCfg = Debug|Any CPU
		{7F178B59-E042-4346-BEF3-C1C62747228E}.Debug|Any CPU.Build.0 = Debug|Any CPU
		{7F178B59-E042-4346-BEF3-C1C62747228E}.Release|Any CPU.ActiveCfg = Release|Any CPU
		{7F178B59-E042-4346-BEF3-C1C62747228E}.Release|Any CPU.Build.0 = Release|Any CPU
		{F53500E2-92C2-48F9-8166-0C1742A76D9E}.Debug|Any CPU.ActiveCfg = Debug|Any CPU
		{F53500E2-92C2-48F9-8166-0C1742A76D9E}.Debug|Any CPU.Build.0 = Debug|Any CPU
		{F53500E2-92C2-48F9-8166-0C1742A76D9E}.Release|Any CPU.ActiveCfg = Release|Any CPU
		{F53500E2-92C2-48F9-8166-0C1742A76D9E}.Release|Any CPU.Build.0 = Release|Any CPU
		{EA4230C7-157E-465A-8D2B-61B590F02D19}.Debug|Any CPU.ActiveCfg = Debug|Any CPU
		{EA4230C7-157E-465A-8D2B-61B590F02D19}.Debug|Any CPU.Build.0 = Debug|Any CPU
		{EA4230C7-157E-465A-8D2B-61B590F02D19}.Release|Any CPU.ActiveCfg = Release|Any CPU
		{EA4230C7-157E-465A-8D2B-61B590F02D19}.Release|Any CPU.Build.0 = Release|Any CPU
		{B334DFBB-3BD8-44B9-86E5-D5E4C183BCEC}.Debug|Any CPU.ActiveCfg = Debug|Any CPU
		{B334DFBB-3BD8-44B9-86E5-D5E4C183BCEC}.Debug|Any CPU.Build.0 = Debug|Any CPU
		{B334DFBB-3BD8-44B9-86E5-D5E4C183BCEC}.Release|Any CPU.ActiveCfg = Release|Any CPU
		{B334DFBB-3BD8-44B9-86E5-D5E4C183BCEC}.Release|Any CPU.Build.0 = Release|Any CPU
		{7D60EC17-F5CC-4673-B055-263FE9FC8EA1}.Debug|Any CPU.ActiveCfg = Debug|Any CPU
		{7D60EC17-F5CC-4673-B055-263FE9FC8EA1}.Debug|Any CPU.Build.0 = Debug|Any CPU
		{7D60EC17-F5CC-4673-B055-263FE9FC8EA1}.Release|Any CPU.ActiveCfg = Release|Any CPU
		{7D60EC17-F5CC-4673-B055-263FE9FC8EA1}.Release|Any CPU.Build.0 = Release|Any CPU
		{045E8E74-C282-4285-B61C-6DE11916E636}.Debug|Any CPU.ActiveCfg = Debug|Any CPU
		{045E8E74-C282-4285-B61C-6DE11916E636}.Debug|Any CPU.Build.0 = Debug|Any CPU
		{045E8E74-C282-4285-B61C-6DE11916E636}.Release|Any CPU.ActiveCfg = Release|Any CPU
		{045E8E74-C282-4285-B61C-6DE11916E636}.Release|Any CPU.Build.0 = Release|Any CPU
	EndGlobalSection
	GlobalSection(SolutionProperties) = preSolution
		HideSolutionNode = FALSE
	EndGlobalSection
	GlobalSection(ExtensibilityGlobals) = postSolution
		SolutionGuid = {ED41E15D-F154-4DAB-B20C-5820D741C49A}
	EndGlobalSection
EndGlobal
