
Microsoft Visual Studio Solution File, Format Version 12.00
# Visual Studio 14
VisualStudioVersion = 14.0.25420.1
MinimumVisualStudioVersion = 10.0.40219.1
Project("{FAE04EC0-301F-11D3-BF4B-00C04F79EFBC}") = "MVVM.Core", "MVVM.Core\MVVM.Core.csproj", "{71F3A515-3E60-454A-BA0F-D44023F6D1C3}"
EndProject
Project("{FAE04EC0-301F-11D3-BF4B-00C04F79EFBC}") = "MVVM.Test", "MVVM.Test\MVVM.Test.csproj", "{FDFAAF4B-0B5B-41A3-B59B-6EBC2CE56B02}"
EndProject
Project("{FAE04EC0-301F-11D3-BF4B-00C04F79EFBC}") = "MVVM.Android", "MVVM.Android\MVVM.Android.csproj", "{6CA73F1B-3C6A-4FBB-AF85-DA16F80D6108}"
EndProject
Global
	GlobalSection(SolutionConfigurationPlatforms) = preSolution
		Debug|Any CPU = Debug|Any CPU
		Release|Any CPU = Release|Any CPU
	EndGlobalSection
	GlobalSection(ProjectConfigurationPlatforms) = postSolution
		{71F3A515-3E60-454A-BA0F-D44023F6D1C3}.Debug|Any CPU.ActiveCfg = Debug|Any CPU
		{71F3A515-3E60-454A-BA0F-D44023F6D1C3}.Debug|Any CPU.Build.0 = Debug|Any CPU
		{71F3A515-3E60-454A-BA0F-D44023F6D1C3}.Release|Any CPU.ActiveCfg = Release|Any CPU
		{71F3A515-3E60-454A-BA0F-D44023F6D1C3}.Release|Any CPU.Build.0 = Release|Any CPU
		{FDFAAF4B-0B5B-41A3-B59B-6EBC2CE56B02}.Debug|Any CPU.ActiveCfg = Debug|Any CPU
		{FDFAAF4B-0B5B-41A3-B59B-6EBC2CE56B02}.Debug|Any CPU.Build.0 = Debug|Any CPU
		{FDFAAF4B-0B5B-41A3-B59B-6EBC2CE56B02}.Release|Any CPU.ActiveCfg = Release|Any CPU
		{FDFAAF4B-0B5B-41A3-B59B-6EBC2CE56B02}.Release|Any CPU.Build.0 = Release|Any CPU
		{6CA73F1B-3C6A-4FBB-AF85-DA16F80D6108}.Debug|Any CPU.ActiveCfg = Debug|Any CPU
		{6CA73F1B-3C6A-4FBB-AF85-DA16F80D6108}.Debug|Any CPU.Build.0 = Debug|Any CPU
		{6CA73F1B-3C6A-4FBB-AF85-DA16F80D6108}.Debug|Any CPU.Deploy.0 = Debug|Any CPU
		{6CA73F1B-3C6A-4FBB-AF85-DA16F80D6108}.Release|Any CPU.ActiveCfg = Release|Any CPU
		{6CA73F1B-3C6A-4FBB-AF85-DA16F80D6108}.Release|Any CPU.Build.0 = Release|Any CPU
		{6CA73F1B-3C6A-4FBB-AF85-DA16F80D6108}.Release|Any CPU.Deploy.0 = Release|Any CPU
	EndGlobalSection
	GlobalSection(SolutionProperties) = preSolution
		HideSolutionNode = FALSE
	EndGlobalSection
EndGlobal
